// !$*UTF8*$!
{
	archiveVersion = 1;
	classes = {
	};
	objectVersion = 50;
	objects = {

/* Begin PBXBuildFile section */
		4B69BC740AB07B2658330A8B /* Pods_Reciplease.framework in Frameworks */ = {isa = PBXBuildFile; fileRef = AF739A6D4E5DCAC673DFB04C /* Pods_Reciplease.framework */; };
		5D19260A636CDD776DDE3DDF /* Pods_RecipleaseTests.framework in Frameworks */ = {isa = PBXBuildFile; fileRef = 29CB4558A3BB1CB7C58DFB0D /* Pods_RecipleaseTests.framework */; };
		76B82D3D12023363E7CA5ACB /* Pods_RecipleaseUITests.framework in Frameworks */ = {isa = PBXBuildFile; fileRef = FB235A3714161AA485712F58 /* Pods_RecipleaseUITests.framework */; };
		791B929A233666E00050DA68 /* Ingredient+CoreDataClass.swift in Sources */ = {isa = PBXBuildFile; fileRef = 791B9296233666E00050DA68 /* Ingredient+CoreDataClass.swift */; };
		791B929B233666E00050DA68 /* Ingredient+CoreDataProperties.swift in Sources */ = {isa = PBXBuildFile; fileRef = 791B9297233666E00050DA68 /* Ingredient+CoreDataProperties.swift */; };
		791B929C233666E00050DA68 /* Recipe+CoreDataClass.swift in Sources */ = {isa = PBXBuildFile; fileRef = 791B9298233666E00050DA68 /* Recipe+CoreDataClass.swift */; };
		791B929D233666E00050DA68 /* Recipe+CoreDataProperties.swift in Sources */ = {isa = PBXBuildFile; fileRef = 791B9299233666E00050DA68 /* Recipe+CoreDataProperties.swift */; };
		79292E4B22B039E600C84EA1 /* ResearchVC.swift in Sources */ = {isa = PBXBuildFile; fileRef = 79292E4A22B039E600C84EA1 /* ResearchVC.swift */; };
		79292E4D22B03A3000C84EA1 /* ResultsCell.swift in Sources */ = {isa = PBXBuildFile; fileRef = 79292E4C22B03A3000C84EA1 /* ResultsCell.swift */; };
		79292E5022B0438100C84EA1 /* SearchManager.swift in Sources */ = {isa = PBXBuildFile; fileRef = 79292E4F22B0438100C84EA1 /* SearchManager.swift */; };
		793CF8A722A83E8D00F6DB94 /* AppDelegate.swift in Sources */ = {isa = PBXBuildFile; fileRef = 793CF8A622A83E8D00F6DB94 /* AppDelegate.swift */; };
		793CF8AC22A83E8D00F6DB94 /* Main.storyboard in Resources */ = {isa = PBXBuildFile; fileRef = 793CF8AA22A83E8D00F6DB94 /* Main.storyboard */; };
		793CF8AF22A83E8D00F6DB94 /* Reciplease.xcdatamodeld in Sources */ = {isa = PBXBuildFile; fileRef = 793CF8AD22A83E8D00F6DB94 /* Reciplease.xcdatamodeld */; };
		793CF8B122A83E8E00F6DB94 /* Assets.xcassets in Resources */ = {isa = PBXBuildFile; fileRef = 793CF8B022A83E8E00F6DB94 /* Assets.xcassets */; };
		793CF8B422A83E8E00F6DB94 /* LaunchScreen.storyboard in Resources */ = {isa = PBXBuildFile; fileRef = 793CF8B222A83E8E00F6DB94 /* LaunchScreen.storyboard */; };
		793CF8BF22A83E8E00F6DB94 /* RecipleaseTests.swift in Sources */ = {isa = PBXBuildFile; fileRef = 793CF8BE22A83E8E00F6DB94 /* RecipleaseTests.swift */; };
		793CF8CA22A83E8E00F6DB94 /* RecipleaseUITests.swift in Sources */ = {isa = PBXBuildFile; fileRef = 793CF8C922A83E8E00F6DB94 /* RecipleaseUITests.swift */; };
		793CF8DA22A83F6D00F6DB94 /* SearchVC.swift in Sources */ = {isa = PBXBuildFile; fileRef = 793CF8D922A83F6D00F6DB94 /* SearchVC.swift */; };
		793CF8DE22A858A600F6DB94 /* IngredientsCell.swift in Sources */ = {isa = PBXBuildFile; fileRef = 793CF8DD22A858A600F6DB94 /* IngredientsCell.swift */; };
		79A84C47232826B400006DDD /* IngredientsVC.swift in Sources */ = {isa = PBXBuildFile; fileRef = 79A84C46232826B400006DDD /* IngredientsVC.swift */; };
		79A84C49232828C700006DDD /* IngredientsSectionHeaderCell.swift in Sources */ = {isa = PBXBuildFile; fileRef = 79A84C48232828C700006DDD /* IngredientsSectionHeaderCell.swift */; };
		79A84C4B232828E100006DDD /* IngredientsDetailCell.swift in Sources */ = {isa = PBXBuildFile; fileRef = 79A84C4A232828E100006DDD /* IngredientsDetailCell.swift */; };
/* End PBXBuildFile section */

/* Begin PBXContainerItemProxy section */
		793CF8BB22A83E8E00F6DB94 /* PBXContainerItemProxy */ = {
			isa = PBXContainerItemProxy;
			containerPortal = 793CF89B22A83E8D00F6DB94 /* Project object */;
			proxyType = 1;
			remoteGlobalIDString = 793CF8A222A83E8D00F6DB94;
			remoteInfo = Reciplease;
		};
		793CF8C622A83E8E00F6DB94 /* PBXContainerItemProxy */ = {
			isa = PBXContainerItemProxy;
			containerPortal = 793CF89B22A83E8D00F6DB94 /* Project object */;
			proxyType = 1;
			remoteGlobalIDString = 793CF8A222A83E8D00F6DB94;
			remoteInfo = Reciplease;
		};
/* End PBXContainerItemProxy section */

/* Begin PBXFileReference section */
		29CB4558A3BB1CB7C58DFB0D /* Pods_RecipleaseTests.framework */ = {isa = PBXFileReference; explicitFileType = wrapper.framework; includeInIndex = 0; path = Pods_RecipleaseTests.framework; sourceTree = BUILT_PRODUCTS_DIR; };
		40F6B0A194948B476BD46C11 /* Pods-Reciplease.debug.xcconfig */ = {isa = PBXFileReference; includeInIndex = 1; lastKnownFileType = text.xcconfig; name = "Pods-Reciplease.debug.xcconfig"; path = "Target Support Files/Pods-Reciplease/Pods-Reciplease.debug.xcconfig"; sourceTree = "<group>"; };
		791B9296233666E00050DA68 /* Ingredient+CoreDataClass.swift */ = {isa = PBXFileReference; lastKnownFileType = sourcecode.swift; path = "Ingredient+CoreDataClass.swift"; sourceTree = "<group>"; };
		791B9297233666E00050DA68 /* Ingredient+CoreDataProperties.swift */ = {isa = PBXFileReference; lastKnownFileType = sourcecode.swift; path = "Ingredient+CoreDataProperties.swift"; sourceTree = "<group>"; };
		791B9298233666E00050DA68 /* Recipe+CoreDataClass.swift */ = {isa = PBXFileReference; lastKnownFileType = sourcecode.swift; path = "Recipe+CoreDataClass.swift"; sourceTree = "<group>"; };
		791B9299233666E00050DA68 /* Recipe+CoreDataProperties.swift */ = {isa = PBXFileReference; lastKnownFileType = sourcecode.swift; path = "Recipe+CoreDataProperties.swift"; sourceTree = "<group>"; };
		79292E4A22B039E600C84EA1 /* ResearchVC.swift */ = {isa = PBXFileReference; lastKnownFileType = sourcecode.swift; path = ResearchVC.swift; sourceTree = "<group>"; };
		79292E4C22B03A3000C84EA1 /* ResultsCell.swift */ = {isa = PBXFileReference; lastKnownFileType = sourcecode.swift; path = ResultsCell.swift; sourceTree = "<group>"; };
		79292E4F22B0438100C84EA1 /* SearchManager.swift */ = {isa = PBXFileReference; lastKnownFileType = sourcecode.swift; path = SearchManager.swift; sourceTree = "<group>"; };
		793CF8A322A83E8D00F6DB94 /* Reciplease.app */ = {isa = PBXFileReference; explicitFileType = wrapper.application; includeInIndex = 0; path = Reciplease.app; sourceTree = BUILT_PRODUCTS_DIR; };
		793CF8A622A83E8D00F6DB94 /* AppDelegate.swift */ = {isa = PBXFileReference; lastKnownFileType = sourcecode.swift; path = AppDelegate.swift; sourceTree = "<group>"; };
		793CF8AB22A83E8D00F6DB94 /* Base */ = {isa = PBXFileReference; lastKnownFileType = file.storyboard; name = Base; path = Base.lproj/Main.storyboard; sourceTree = "<group>"; };
		793CF8AE22A83E8D00F6DB94 /* Reciplease.xcdatamodel */ = {isa = PBXFileReference; lastKnownFileType = wrapper.xcdatamodel; path = Reciplease.xcdatamodel; sourceTree = "<group>"; };
		793CF8B022A83E8E00F6DB94 /* Assets.xcassets */ = {isa = PBXFileReference; lastKnownFileType = folder.assetcatalog; path = Assets.xcassets; sourceTree = "<group>"; };
		793CF8B322A83E8E00F6DB94 /* Base */ = {isa = PBXFileReference; lastKnownFileType = file.storyboard; name = Base; path = Base.lproj/LaunchScreen.storyboard; sourceTree = "<group>"; };
		793CF8B522A83E8E00F6DB94 /* Info.plist */ = {isa = PBXFileReference; lastKnownFileType = text.plist.xml; path = Info.plist; sourceTree = "<group>"; };
		793CF8BA22A83E8E00F6DB94 /* RecipleaseTests.xctest */ = {isa = PBXFileReference; explicitFileType = wrapper.cfbundle; includeInIndex = 0; path = RecipleaseTests.xctest; sourceTree = BUILT_PRODUCTS_DIR; };
		793CF8BE22A83E8E00F6DB94 /* RecipleaseTests.swift */ = {isa = PBXFileReference; lastKnownFileType = sourcecode.swift; path = RecipleaseTests.swift; sourceTree = "<group>"; };
		793CF8C022A83E8E00F6DB94 /* Info.plist */ = {isa = PBXFileReference; lastKnownFileType = text.plist.xml; path = Info.plist; sourceTree = "<group>"; };
		793CF8C522A83E8E00F6DB94 /* RecipleaseUITests.xctest */ = {isa = PBXFileReference; explicitFileType = wrapper.cfbundle; includeInIndex = 0; path = RecipleaseUITests.xctest; sourceTree = BUILT_PRODUCTS_DIR; };
		793CF8C922A83E8E00F6DB94 /* RecipleaseUITests.swift */ = {isa = PBXFileReference; lastKnownFileType = sourcecode.swift; path = RecipleaseUITests.swift; sourceTree = "<group>"; };
		793CF8CB22A83E8E00F6DB94 /* Info.plist */ = {isa = PBXFileReference; lastKnownFileType = text.plist.xml; path = Info.plist; sourceTree = "<group>"; };
		793CF8D922A83F6D00F6DB94 /* SearchVC.swift */ = {isa = PBXFileReference; lastKnownFileType = sourcecode.swift; path = SearchVC.swift; sourceTree = "<group>"; };
		793CF8DD22A858A600F6DB94 /* IngredientsCell.swift */ = {isa = PBXFileReference; lastKnownFileType = sourcecode.swift; path = IngredientsCell.swift; sourceTree = "<group>"; };
		79A84C46232826B400006DDD /* IngredientsVC.swift */ = {isa = PBXFileReference; lastKnownFileType = sourcecode.swift; path = IngredientsVC.swift; sourceTree = "<group>"; };
		79A84C48232828C700006DDD /* IngredientsSectionHeaderCell.swift */ = {isa = PBXFileReference; lastKnownFileType = sourcecode.swift; path = IngredientsSectionHeaderCell.swift; sourceTree = "<group>"; };
		79A84C4A232828E100006DDD /* IngredientsDetailCell.swift */ = {isa = PBXFileReference; lastKnownFileType = sourcecode.swift; path = IngredientsDetailCell.swift; sourceTree = "<group>"; };
		7C24E181E06552161AC2A277 /* Pods-RecipleaseUITests.release.xcconfig */ = {isa = PBXFileReference; includeInIndex = 1; lastKnownFileType = text.xcconfig; name = "Pods-RecipleaseUITests.release.xcconfig"; path = "Target Support Files/Pods-RecipleaseUITests/Pods-RecipleaseUITests.release.xcconfig"; sourceTree = "<group>"; };
		AF739A6D4E5DCAC673DFB04C /* Pods_Reciplease.framework */ = {isa = PBXFileReference; explicitFileType = wrapper.framework; includeInIndex = 0; path = Pods_Reciplease.framework; sourceTree = BUILT_PRODUCTS_DIR; };
		B68E6AFF8D4A4FA1C7C773BA /* Pods-RecipleaseTests.debug.xcconfig */ = {isa = PBXFileReference; includeInIndex = 1; lastKnownFileType = text.xcconfig; name = "Pods-RecipleaseTests.debug.xcconfig"; path = "Target Support Files/Pods-RecipleaseTests/Pods-RecipleaseTests.debug.xcconfig"; sourceTree = "<group>"; };
		E69C18CE4B42AA8D3F6329B2 /* Pods-RecipleaseTests.release.xcconfig */ = {isa = PBXFileReference; includeInIndex = 1; lastKnownFileType = text.xcconfig; name = "Pods-RecipleaseTests.release.xcconfig"; path = "Target Support Files/Pods-RecipleaseTests/Pods-RecipleaseTests.release.xcconfig"; sourceTree = "<group>"; };
		FACC26C58322992B5D584E01 /* Pods-RecipleaseUITests.debug.xcconfig */ = {isa = PBXFileReference; includeInIndex = 1; lastKnownFileType = text.xcconfig; name = "Pods-RecipleaseUITests.debug.xcconfig"; path = "Target Support Files/Pods-RecipleaseUITests/Pods-RecipleaseUITests.debug.xcconfig"; sourceTree = "<group>"; };
		FB235A3714161AA485712F58 /* Pods_RecipleaseUITests.framework */ = {isa = PBXFileReference; explicitFileType = wrapper.framework; includeInIndex = 0; path = Pods_RecipleaseUITests.framework; sourceTree = BUILT_PRODUCTS_DIR; };
		FFC010B8DAB4070C84948C29 /* Pods-Reciplease.release.xcconfig */ = {isa = PBXFileReference; includeInIndex = 1; lastKnownFileType = text.xcconfig; name = "Pods-Reciplease.release.xcconfig"; path = "Target Support Files/Pods-Reciplease/Pods-Reciplease.release.xcconfig"; sourceTree = "<group>"; };
/* End PBXFileReference section */

/* Begin PBXFrameworksBuildPhase section */
		793CF8A022A83E8D00F6DB94 /* Frameworks */ = {
			isa = PBXFrameworksBuildPhase;
			buildActionMask = 2147483647;
			files = (
				4B69BC740AB07B2658330A8B /* Pods_Reciplease.framework in Frameworks */,
			);
			runOnlyForDeploymentPostprocessing = 0;
		};
		793CF8B722A83E8E00F6DB94 /* Frameworks */ = {
			isa = PBXFrameworksBuildPhase;
			buildActionMask = 2147483647;
			files = (
				5D19260A636CDD776DDE3DDF /* Pods_RecipleaseTests.framework in Frameworks */,
			);
			runOnlyForDeploymentPostprocessing = 0;
		};
		793CF8C222A83E8E00F6DB94 /* Frameworks */ = {
			isa = PBXFrameworksBuildPhase;
			buildActionMask = 2147483647;
			files = (
				76B82D3D12023363E7CA5ACB /* Pods_RecipleaseUITests.framework in Frameworks */,
			);
			runOnlyForDeploymentPostprocessing = 0;
		};
/* End PBXFrameworksBuildPhase section */

/* Begin PBXGroup section */
		62B0E6F80180A4C96B8EA1FC /* Frameworks */ = {
			isa = PBXGroup;
			children = (
				AF739A6D4E5DCAC673DFB04C /* Pods_Reciplease.framework */,
				29CB4558A3BB1CB7C58DFB0D /* Pods_RecipleaseTests.framework */,
				FB235A3714161AA485712F58 /* Pods_RecipleaseUITests.framework */,
			);
			name = Frameworks;
			sourceTree = "<group>";
		};
		79292E4922B039B400C84EA1 /* Cell */ = {
			isa = PBXGroup;
			children = (
				793CF8DD22A858A600F6DB94 /* IngredientsCell.swift */,
				79292E4C22B03A3000C84EA1 /* ResultsCell.swift */,
				79A84C48232828C700006DDD /* IngredientsSectionHeaderCell.swift */,
				79A84C4A232828E100006DDD /* IngredientsDetailCell.swift */,
			);
			path = Cell;
			sourceTree = "<group>";
		};
		79292E4E22B0432200C84EA1 /* Model */ = {
			isa = PBXGroup;
			children = (
				79292E4F22B0438100C84EA1 /* SearchManager.swift */,
			);
			path = Model;
			sourceTree = "<group>";
		};
		793CF89A22A83E8D00F6DB94 = {
			isa = PBXGroup;
			children = (
				793CF8A522A83E8D00F6DB94 /* Reciplease */,
				793CF8BD22A83E8E00F6DB94 /* RecipleaseTests */,
				793CF8C822A83E8E00F6DB94 /* RecipleaseUITests */,
				793CF8A422A83E8D00F6DB94 /* Products */,
				AC5857F024670BFA9C479080 /* Pods */,
				62B0E6F80180A4C96B8EA1FC /* Frameworks */,
			);
			sourceTree = "<group>";
		};
		793CF8A422A83E8D00F6DB94 /* Products */ = {
			isa = PBXGroup;
			children = (
				793CF8A322A83E8D00F6DB94 /* Reciplease.app */,
				793CF8BA22A83E8E00F6DB94 /* RecipleaseTests.xctest */,
				793CF8C522A83E8E00F6DB94 /* RecipleaseUITests.xctest */,
			);
			name = Products;
			sourceTree = "<group>";
		};
		793CF8A522A83E8D00F6DB94 /* Reciplease */ = {
			isa = PBXGroup;
			children = (
				79913CF223337F4100C04B84 /* CoreData */,
				793CF8D722A83EAB00F6DB94 /* View */,
				793CF8D822A83EBA00F6DB94 /* Controller */,
				79292E4E22B0432200C84EA1 /* Model */,
				793CF8B022A83E8E00F6DB94 /* Assets.xcassets */,
				793CF8B522A83E8E00F6DB94 /* Info.plist */,
				793CF8AD22A83E8D00F6DB94 /* Reciplease.xcdatamodeld */,
			);
			path = Reciplease;
			sourceTree = "<group>";
		};
		793CF8BD22A83E8E00F6DB94 /* RecipleaseTests */ = {
			isa = PBXGroup;
			children = (
				793CF8BE22A83E8E00F6DB94 /* RecipleaseTests.swift */,
				793CF8C022A83E8E00F6DB94 /* Info.plist */,
			);
			path = RecipleaseTests;
			sourceTree = "<group>";
		};
		793CF8C822A83E8E00F6DB94 /* RecipleaseUITests */ = {
			isa = PBXGroup;
			children = (
				793CF8C922A83E8E00F6DB94 /* RecipleaseUITests.swift */,
				793CF8CB22A83E8E00F6DB94 /* Info.plist */,
			);
			path = RecipleaseUITests;
			sourceTree = "<group>";
		};
		793CF8D722A83EAB00F6DB94 /* View */ = {
			isa = PBXGroup;
			children = (
				793CF8B222A83E8E00F6DB94 /* LaunchScreen.storyboard */,
				793CF8A622A83E8D00F6DB94 /* AppDelegate.swift */,
				793CF8AA22A83E8D00F6DB94 /* Main.storyboard */,
			);
			path = View;
			sourceTree = "<group>";
		};
		793CF8D822A83EBA00F6DB94 /* Controller */ = {
			isa = PBXGroup;
			children = (
				79A84C46232826B400006DDD /* IngredientsVC.swift */,
				793CF8D922A83F6D00F6DB94 /* SearchVC.swift */,
				79292E4A22B039E600C84EA1 /* ResearchVC.swift */,
				79292E4922B039B400C84EA1 /* Cell */,
			);
			path = Controller;
			sourceTree = "<group>";
		};
		79913CF223337F4100C04B84 /* CoreData */ = {
			isa = PBXGroup;
			children = (
				791B9296233666E00050DA68 /* Ingredient+CoreDataClass.swift */,
				791B9297233666E00050DA68 /* Ingredient+CoreDataProperties.swift */,
				791B9298233666E00050DA68 /* Recipe+CoreDataClass.swift */,
				791B9299233666E00050DA68 /* Recipe+CoreDataProperties.swift */,
			);
			path = CoreData;
			sourceTree = "<group>";
		};
		AC5857F024670BFA9C479080 /* Pods */ = {
			isa = PBXGroup;
			children = (
				40F6B0A194948B476BD46C11 /* Pods-Reciplease.debug.xcconfig */,
				FFC010B8DAB4070C84948C29 /* Pods-Reciplease.release.xcconfig */,
				B68E6AFF8D4A4FA1C7C773BA /* Pods-RecipleaseTests.debug.xcconfig */,
				E69C18CE4B42AA8D3F6329B2 /* Pods-RecipleaseTests.release.xcconfig */,
				FACC26C58322992B5D584E01 /* Pods-RecipleaseUITests.debug.xcconfig */,
				7C24E181E06552161AC2A277 /* Pods-RecipleaseUITests.release.xcconfig */,
			);
			path = Pods;
			sourceTree = "<group>";
		};
/* End PBXGroup section */

/* Begin PBXNativeTarget section */
		793CF8A222A83E8D00F6DB94 /* Reciplease */ = {
			isa = PBXNativeTarget;
			buildConfigurationList = 793CF8CE22A83E8E00F6DB94 /* Build configuration list for PBXNativeTarget "Reciplease" */;
			buildPhases = (
				3F9B57B704710369C399C7F8 /* [CP] Check Pods Manifest.lock */,
				793CF89F22A83E8D00F6DB94 /* Sources */,
				793CF8A022A83E8D00F6DB94 /* Frameworks */,
				793CF8A122A83E8D00F6DB94 /* Resources */,
				96561B42365D54F1CF20276F /* [CP] Embed Pods Frameworks */,
			);
			buildRules = (
			);
			dependencies = (
			);
			name = Reciplease;
			productName = Reciplease;
			productReference = 793CF8A322A83E8D00F6DB94 /* Reciplease.app */;
			productType = "com.apple.product-type.application";
		};
		793CF8B922A83E8E00F6DB94 /* RecipleaseTests */ = {
			isa = PBXNativeTarget;
			buildConfigurationList = 793CF8D122A83E8E00F6DB94 /* Build configuration list for PBXNativeTarget "RecipleaseTests" */;
			buildPhases = (
				AF41A855908573B839E15CC7 /* [CP] Check Pods Manifest.lock */,
				793CF8B622A83E8E00F6DB94 /* Sources */,
				793CF8B722A83E8E00F6DB94 /* Frameworks */,
				793CF8B822A83E8E00F6DB94 /* Resources */,
			);
			buildRules = (
			);
			dependencies = (
				793CF8BC22A83E8E00F6DB94 /* PBXTargetDependency */,
			);
			name = RecipleaseTests;
			productName = RecipleaseTests;
			productReference = 793CF8BA22A83E8E00F6DB94 /* RecipleaseTests.xctest */;
			productType = "com.apple.product-type.bundle.unit-test";
		};
		793CF8C422A83E8E00F6DB94 /* RecipleaseUITests */ = {
			isa = PBXNativeTarget;
			buildConfigurationList = 793CF8D422A83E8E00F6DB94 /* Build configuration list for PBXNativeTarget "RecipleaseUITests" */;
			buildPhases = (
				5A36574B3418B4DE6E67A40F /* [CP] Check Pods Manifest.lock */,
				793CF8C122A83E8E00F6DB94 /* Sources */,
				793CF8C222A83E8E00F6DB94 /* Frameworks */,
				793CF8C322A83E8E00F6DB94 /* Resources */,
			);
			buildRules = (
			);
			dependencies = (
				793CF8C722A83E8E00F6DB94 /* PBXTargetDependency */,
			);
			name = RecipleaseUITests;
			productName = RecipleaseUITests;
			productReference = 793CF8C522A83E8E00F6DB94 /* RecipleaseUITests.xctest */;
			productType = "com.apple.product-type.bundle.ui-testing";
		};
/* End PBXNativeTarget section */

/* Begin PBXProject section */
		793CF89B22A83E8D00F6DB94 /* Project object */ = {
			isa = PBXProject;
			attributes = {
				LastSwiftUpdateCheck = 1010;
				LastUpgradeCheck = 1010;
				TargetAttributes = {
					793CF8A222A83E8D00F6DB94 = {
						CreatedOnToolsVersion = 10.1;
					};
					793CF8B922A83E8E00F6DB94 = {
						CreatedOnToolsVersion = 10.1;
						TestTargetID = 793CF8A222A83E8D00F6DB94;
					};
					793CF8C422A83E8E00F6DB94 = {
						CreatedOnToolsVersion = 10.1;
						TestTargetID = 793CF8A222A83E8D00F6DB94;
					};
				};
			};
			buildConfigurationList = 793CF89E22A83E8D00F6DB94 /* Build configuration list for PBXProject "Reciplease" */;
			compatibilityVersion = "Xcode 9.3";
			developmentRegion = en;
			hasScannedForEncodings = 0;
			knownRegions = (
				en,
				Base,
			);
			mainGroup = 793CF89A22A83E8D00F6DB94;
			productRefGroup = 793CF8A422A83E8D00F6DB94 /* Products */;
			projectDirPath = "";
			projectRoot = "";
			targets = (
				793CF8A222A83E8D00F6DB94 /* Reciplease */,
				793CF8B922A83E8E00F6DB94 /* RecipleaseTests */,
				793CF8C422A83E8E00F6DB94 /* RecipleaseUITests */,
			);
		};
/* End PBXProject section */

/* Begin PBXResourcesBuildPhase section */
		793CF8A122A83E8D00F6DB94 /* Resources */ = {
			isa = PBXResourcesBuildPhase;
			buildActionMask = 2147483647;
			files = (
				793CF8B422A83E8E00F6DB94 /* LaunchScreen.storyboard in Resources */,
				793CF8B122A83E8E00F6DB94 /* Assets.xcassets in Resources */,
				793CF8AC22A83E8D00F6DB94 /* Main.storyboard in Resources */,
			);
			runOnlyForDeploymentPostprocessing = 0;
		};
		793CF8B822A83E8E00F6DB94 /* Resources */ = {
			isa = PBXResourcesBuildPhase;
			buildActionMask = 2147483647;
			files = (
			);
			runOnlyForDeploymentPostprocessing = 0;
		};
		793CF8C322A83E8E00F6DB94 /* Resources */ = {
			isa = PBXResourcesBuildPhase;
			buildActionMask = 2147483647;
			files = (
			);
			runOnlyForDeploymentPostprocessing = 0;
		};
/* End PBXResourcesBuildPhase section */

/* Begin PBXShellScriptBuildPhase section */
		3F9B57B704710369C399C7F8 /* [CP] Check Pods Manifest.lock */ = {
			isa = PBXShellScriptBuildPhase;
			buildActionMask = 2147483647;
			files = (
			);
			inputFileListPaths = (
			);
			inputPaths = (
				"${PODS_PODFILE_DIR_PATH}/Podfile.lock",
				"${PODS_ROOT}/Manifest.lock",
			);
			name = "[CP] Check Pods Manifest.lock";
			outputFileListPaths = (
			);
			outputPaths = (
				"$(DERIVED_FILE_DIR)/Pods-Reciplease-checkManifestLockResult.txt",
			);
			runOnlyForDeploymentPostprocessing = 0;
			shellPath = /bin/sh;
			shellScript = "diff \"${PODS_PODFILE_DIR_PATH}/Podfile.lock\" \"${PODS_ROOT}/Manifest.lock\" > /dev/null\nif [ $? != 0 ] ; then\n    # print error to STDERR\n    echo \"error: The sandbox is not in sync with the Podfile.lock. Run 'pod install' or update your CocoaPods installation.\" >&2\n    exit 1\nfi\n# This output is used by Xcode 'outputs' to avoid re-running this script phase.\necho \"SUCCESS\" > \"${SCRIPT_OUTPUT_FILE_0}\"\n";
			showEnvVarsInLog = 0;
		};
		5A36574B3418B4DE6E67A40F /* [CP] Check Pods Manifest.lock */ = {
			isa = PBXShellScriptBuildPhase;
			buildActionMask = 2147483647;
			files = (
			);
			inputFileListPaths = (
			);
			inputPaths = (
				"${PODS_PODFILE_DIR_PATH}/Podfile.lock",
				"${PODS_ROOT}/Manifest.lock",
			);
			name = "[CP] Check Pods Manifest.lock";
			outputFileListPaths = (
			);
			outputPaths = (
				"$(DERIVED_FILE_DIR)/Pods-RecipleaseUITests-checkManifestLockResult.txt",
			);
			runOnlyForDeploymentPostprocessing = 0;
			shellPath = /bin/sh;
			shellScript = "diff \"${PODS_PODFILE_DIR_PATH}/Podfile.lock\" \"${PODS_ROOT}/Manifest.lock\" > /dev/null\nif [ $? != 0 ] ; then\n    # print error to STDERR\n    echo \"error: The sandbox is not in sync with the Podfile.lock. Run 'pod install' or update your CocoaPods installation.\" >&2\n    exit 1\nfi\n# This output is used by Xcode 'outputs' to avoid re-running this script phase.\necho \"SUCCESS\" > \"${SCRIPT_OUTPUT_FILE_0}\"\n";
			showEnvVarsInLog = 0;
		};
		96561B42365D54F1CF20276F /* [CP] Embed Pods Frameworks */ = {
			isa = PBXShellScriptBuildPhase;
			buildActionMask = 2147483647;
			files = (
			);
			inputFileListPaths = (
			);
			inputPaths = (
				"${PODS_ROOT}/Target Support Files/Pods-Reciplease/Pods-Reciplease-frameworks.sh",
				"${BUILT_PRODUCTS_DIR}/Alamofire/Alamofire.framework",
				"${BUILT_PRODUCTS_DIR}/Kingfisher/Kingfisher.framework",
			);
			name = "[CP] Embed Pods Frameworks";
			outputFileListPaths = (
			);
			outputPaths = (
				"${TARGET_BUILD_DIR}/${FRAMEWORKS_FOLDER_PATH}/Alamofire.framework",
				"${TARGET_BUILD_DIR}/${FRAMEWORKS_FOLDER_PATH}/Kingfisher.framework",
			);
			runOnlyForDeploymentPostprocessing = 0;
			shellPath = /bin/sh;
			shellScript = "\"${PODS_ROOT}/Target Support Files/Pods-Reciplease/Pods-Reciplease-frameworks.sh\"\n";
			showEnvVarsInLog = 0;
		};
		AF41A855908573B839E15CC7 /* [CP] Check Pods Manifest.lock */ = {
			isa = PBXShellScriptBuildPhase;
			buildActionMask = 2147483647;
			files = (
			);
			inputFileListPaths = (
			);
			inputPaths = (
				"${PODS_PODFILE_DIR_PATH}/Podfile.lock",
				"${PODS_ROOT}/Manifest.lock",
			);
			name = "[CP] Check Pods Manifest.lock";
			outputFileListPaths = (
			);
			outputPaths = (
				"$(DERIVED_FILE_DIR)/Pods-RecipleaseTests-checkManifestLockResult.txt",
			);
			runOnlyForDeploymentPostprocessing = 0;
			shellPath = /bin/sh;
			shellScript = "diff \"${PODS_PODFILE_DIR_PATH}/Podfile.lock\" \"${PODS_ROOT}/Manifest.lock\" > /dev/null\nif [ $? != 0 ] ; then\n    # print error to STDERR\n    echo \"error: The sandbox is not in sync with the Podfile.lock. Run 'pod install' or update your CocoaPods installation.\" >&2\n    exit 1\nfi\n# This output is used by Xcode 'outputs' to avoid re-running this script phase.\necho \"SUCCESS\" > \"${SCRIPT_OUTPUT_FILE_0}\"\n";
			showEnvVarsInLog = 0;
		};
/* End PBXShellScriptBuildPhase section */

/* Begin PBXSourcesBuildPhase section */
		793CF89F22A83E8D00F6DB94 /* Sources */ = {
			isa = PBXSourcesBuildPhase;
			buildActionMask = 2147483647;
			files = (
				791B929C233666E00050DA68 /* Recipe+CoreDataClass.swift in Sources */,
				79292E4B22B039E600C84EA1 /* ResearchVC.swift in Sources */,
				79A84C49232828C700006DDD /* IngredientsSectionHeaderCell.swift in Sources */,
				79A84C47232826B400006DDD /* IngredientsVC.swift in Sources */,
				79292E5022B0438100C84EA1 /* SearchManager.swift in Sources */,
				793CF8DE22A858A600F6DB94 /* IngredientsCell.swift in Sources */,
				79A84C4B232828E100006DDD /* IngredientsDetailCell.swift in Sources */,
				791B929D233666E00050DA68 /* Recipe+CoreDataProperties.swift in Sources */,
				791B929B233666E00050DA68 /* Ingredient+CoreDataProperties.swift in Sources */,
				79292E4D22B03A3000C84EA1 /* ResultsCell.swift in Sources */,
				793CF8DA22A83F6D00F6DB94 /* SearchVC.swift in Sources */,
				791B929A233666E00050DA68 /* Ingredient+CoreDataClass.swift in Sources */,
				793CF8AF22A83E8D00F6DB94 /* Reciplease.xcdatamodeld in Sources */,
				793CF8A722A83E8D00F6DB94 /* AppDelegate.swift in Sources */,
			);
			runOnlyForDeploymentPostprocessing = 0;
		};
		793CF8B622A83E8E00F6DB94 /* Sources */ = {
			isa = PBXSourcesBuildPhase;
			buildActionMask = 2147483647;
			files = (
				793CF8BF22A83E8E00F6DB94 /* RecipleaseTests.swift in Sources */,
			);
			runOnlyForDeploymentPostprocessing = 0;
		};
		793CF8C122A83E8E00F6DB94 /* Sources */ = {
			isa = PBXSourcesBuildPhase;
			buildActionMask = 2147483647;
			files = (
				793CF8CA22A83E8E00F6DB94 /* RecipleaseUITests.swift in Sources */,
			);
			runOnlyForDeploymentPostprocessing = 0;
		};
/* End PBXSourcesBuildPhase section */

/* Begin PBXTargetDependency section */
		793CF8BC22A83E8E00F6DB94 /* PBXTargetDependency */ = {
			isa = PBXTargetDependency;
			target = 793CF8A222A83E8D00F6DB94 /* Reciplease */;
			targetProxy = 793CF8BB22A83E8E00F6DB94 /* PBXContainerItemProxy */;
		};
		793CF8C722A83E8E00F6DB94 /* PBXTargetDependency */ = {
			isa = PBXTargetDependency;
			target = 793CF8A222A83E8D00F6DB94 /* Reciplease */;
			targetProxy = 793CF8C622A83E8E00F6DB94 /* PBXContainerItemProxy */;
		};
/* End PBXTargetDependency section */

/* Begin PBXVariantGroup section */
		793CF8AA22A83E8D00F6DB94 /* Main.storyboard */ = {
			isa = PBXVariantGroup;
			children = (
				793CF8AB22A83E8D00F6DB94 /* Base */,
			);
			name = Main.storyboard;
			sourceTree = "<group>";
		};
		793CF8B222A83E8E00F6DB94 /* LaunchScreen.storyboard */ = {
			isa = PBXVariantGroup;
			children = (
				793CF8B322A83E8E00F6DB94 /* Base */,
			);
			name = LaunchScreen.storyboard;
			sourceTree = "<group>";
		};
/* End PBXVariantGroup section */

/* Begin XCBuildConfiguration section */
		793CF8CC22A83E8E00F6DB94 /* Debug */ = {
			isa = XCBuildConfiguration;
			buildSettings = {
				ALWAYS_SEARCH_USER_PATHS = NO;
				CLANG_ANALYZER_NONNULL = YES;
				CLANG_ANALYZER_NUMBER_OBJECT_CONVERSION = YES_AGGRESSIVE;
				CLANG_CXX_LANGUAGE_STANDARD = "gnu++14";
				CLANG_CXX_LIBRARY = "libc++";
				CLANG_ENABLE_MODULES = YES;
				CLANG_ENABLE_OBJC_ARC = YES;
				CLANG_ENABLE_OBJC_WEAK = YES;
				CLANG_WARN_BLOCK_CAPTURE_AUTORELEASING = YES;
				CLANG_WARN_BOOL_CONVERSION = YES;
				CLANG_WARN_COMMA = YES;
				CLANG_WARN_CONSTANT_CONVERSION = YES;
				CLANG_WARN_DEPRECATED_OBJC_IMPLEMENTATIONS = YES;
				CLANG_WARN_DIRECT_OBJC_ISA_USAGE = YES_ERROR;
				CLANG_WARN_DOCUMENTATION_COMMENTS = YES;
				CLANG_WARN_EMPTY_BODY = YES;
				CLANG_WARN_ENUM_CONVERSION = YES;
				CLANG_WARN_INFINITE_RECURSION = YES;
				CLANG_WARN_INT_CONVERSION = YES;
				CLANG_WARN_NON_LITERAL_NULL_CONVERSION = YES;
				CLANG_WARN_OBJC_IMPLICIT_RETAIN_SELF = YES;
				CLANG_WARN_OBJC_LITERAL_CONVERSION = YES;
				CLANG_WARN_OBJC_ROOT_CLASS = YES_ERROR;
				CLANG_WARN_RANGE_LOOP_ANALYSIS = YES;
				CLANG_WARN_STRICT_PROTOTYPES = YES;
				CLANG_WARN_SUSPICIOUS_MOVE = YES;
				CLANG_WARN_UNGUARDED_AVAILABILITY = YES_AGGRESSIVE;
				CLANG_WARN_UNREACHABLE_CODE = YES;
				CLANG_WARN__DUPLICATE_METHOD_MATCH = YES;
				CODE_SIGN_IDENTITY = "iPhone Developer";
				COPY_PHASE_STRIP = NO;
				DEBUG_INFORMATION_FORMAT = dwarf;
				ENABLE_STRICT_OBJC_MSGSEND = YES;
				ENABLE_TESTABILITY = YES;
				GCC_C_LANGUAGE_STANDARD = gnu11;
				GCC_DYNAMIC_NO_PIC = NO;
				GCC_NO_COMMON_BLOCKS = YES;
				GCC_OPTIMIZATION_LEVEL = 0;
				GCC_PREPROCESSOR_DEFINITIONS = (
					"DEBUG=1",
					"$(inherited)",
				);
				GCC_WARN_64_TO_32_BIT_CONVERSION = YES;
				GCC_WARN_ABOUT_RETURN_TYPE = YES_ERROR;
				GCC_WARN_UNDECLARED_SELECTOR = YES;
				GCC_WARN_UNINITIALIZED_AUTOS = YES_AGGRESSIVE;
				GCC_WARN_UNUSED_FUNCTION = YES;
				GCC_WARN_UNUSED_VARIABLE = YES;
				IPHONEOS_DEPLOYMENT_TARGET = 12.1;
				MTL_ENABLE_DEBUG_INFO = INCLUDE_SOURCE;
				MTL_FAST_MATH = YES;
				ONLY_ACTIVE_ARCH = YES;
				SDKROOT = iphoneos;
				SWIFT_ACTIVE_COMPILATION_CONDITIONS = DEBUG;
				SWIFT_OPTIMIZATION_LEVEL = "-Onone";
			};
			name = Debug;
		};
		793CF8CD22A83E8E00F6DB94 /* Release */ = {
			isa = XCBuildConfiguration;
			buildSettings = {
				ALWAYS_SEARCH_USER_PATHS = NO;
				CLANG_ANALYZER_NONNULL = YES;
				CLANG_ANALYZER_NUMBER_OBJECT_CONVERSION = YES_AGGRESSIVE;
				CLANG_CXX_LANGUAGE_STANDARD = "gnu++14";
				CLANG_CXX_LIBRARY = "libc++";
				CLANG_ENABLE_MODULES = YES;
				CLANG_ENABLE_OBJC_ARC = YES;
				CLANG_ENABLE_OBJC_WEAK = YES;
				CLANG_WARN_BLOCK_CAPTURE_AUTORELEASING = YES;
				CLANG_WARN_BOOL_CONVERSION = YES;
				CLANG_WARN_COMMA = YES;
				CLANG_WARN_CONSTANT_CONVERSION = YES;
				CLANG_WARN_DEPRECATED_OBJC_IMPLEMENTATIONS = YES;
				CLANG_WARN_DIRECT_OBJC_ISA_USAGE = YES_ERROR;
				CLANG_WARN_DOCUMENTATION_COMMENTS = YES;
				CLANG_WARN_EMPTY_BODY = YES;
				CLANG_WARN_ENUM_CONVERSION = YES;
				CLANG_WARN_INFINITE_RECURSION = YES;
				CLANG_WARN_INT_CONVERSION = YES;
				CLANG_WARN_NON_LITERAL_NULL_CONVERSION = YES;
				CLANG_WARN_OBJC_IMPLICIT_RETAIN_SELF = YES;
				CLANG_WARN_OBJC_LITERAL_CONVERSION = YES;
				CLANG_WARN_OBJC_ROOT_CLASS = YES_ERROR;
				CLANG_WARN_RANGE_LOOP_ANALYSIS = YES;
				CLANG_WARN_STRICT_PROTOTYPES = YES;
				CLANG_WARN_SUSPICIOUS_MOVE = YES;
				CLANG_WARN_UNGUARDED_AVAILABILITY = YES_AGGRESSIVE;
				CLANG_WARN_UNREACHABLE_CODE = YES;
				CLANG_WARN__DUPLICATE_METHOD_MATCH = YES;
				CODE_SIGN_IDENTITY = "iPhone Developer";
				COPY_PHASE_STRIP = NO;
				DEBUG_INFORMATION_FORMAT = "dwarf-with-dsym";
				ENABLE_NS_ASSERTIONS = NO;
				ENABLE_STRICT_OBJC_MSGSEND = YES;
				GCC_C_LANGUAGE_STANDARD = gnu11;
				GCC_NO_COMMON_BLOCKS = YES;
				GCC_WARN_64_TO_32_BIT_CONVERSION = YES;
				GCC_WARN_ABOUT_RETURN_TYPE = YES_ERROR;
				GCC_WARN_UNDECLARED_SELECTOR = YES;
				GCC_WARN_UNINITIALIZED_AUTOS = YES_AGGRESSIVE;
				GCC_WARN_UNUSED_FUNCTION = YES;
				GCC_WARN_UNUSED_VARIABLE = YES;
				IPHONEOS_DEPLOYMENT_TARGET = 12.1;
				MTL_ENABLE_DEBUG_INFO = NO;
				MTL_FAST_MATH = YES;
				SDKROOT = iphoneos;
				SWIFT_COMPILATION_MODE = wholemodule;
				SWIFT_OPTIMIZATION_LEVEL = "-O";
				VALIDATE_PRODUCT = YES;
			};
			name = Release;
		};
		793CF8CF22A83E8E00F6DB94 /* Debug */ = {
			isa = XCBuildConfiguration;
			baseConfigurationReference = 40F6B0A194948B476BD46C11 /* Pods-Reciplease.debug.xcconfig */;
			buildSettings = {
				ASSETCATALOG_COMPILER_APPICON_NAME = AppIcon;
				CODE_SIGN_STYLE = Automatic;
				DEVELOPMENT_TEAM = X723D8234D;
				INFOPLIST_FILE = Reciplease/Info.plist;
				LD_RUNPATH_SEARCH_PATHS = (
					"$(inherited)",
					"@executable_path/Frameworks",
				);
				PRODUCT_BUNDLE_IDENTIFIER = com.Iotied.Reciplease;
				PRODUCT_NAME = "$(TARGET_NAME)";
				SWIFT_VERSION = 4.2;
				TARGETED_DEVICE_FAMILY = "1,2";
			};
			name = Debug;
		};
		793CF8D022A83E8E00F6DB94 /* Release */ = {
			isa = XCBuildConfiguration;
			baseConfigurationReference = FFC010B8DAB4070C84948C29 /* Pods-Reciplease.release.xcconfig */;
			buildSettings = {
				ASSETCATALOG_COMPILER_APPICON_NAME = AppIcon;
				CODE_SIGN_STYLE = Automatic;
				DEVELOPMENT_TEAM = X723D8234D;
				INFOPLIST_FILE = Reciplease/Info.plist;
				LD_RUNPATH_SEARCH_PATHS = (
					"$(inherited)",
					"@executable_path/Frameworks",
				);
				PRODUCT_BUNDLE_IDENTIFIER = com.Iotied.Reciplease;
				PRODUCT_NAME = "$(TARGET_NAME)";
				SWIFT_VERSION = 4.2;
				TARGETED_DEVICE_FAMILY = "1,2";
			};
			name = Release;
		};
		793CF8D222A83E8E00F6DB94 /* Debug */ = {
			isa = XCBuildConfiguration;
			baseConfigurationReference = B68E6AFF8D4A4FA1C7C773BA /* Pods-RecipleaseTests.debug.xcconfig */;
			buildSettings = {
				ALWAYS_EMBED_SWIFT_STANDARD_LIBRARIES = YES;
				BUNDLE_LOADER = "$(TEST_HOST)";
				CODE_SIGN_STYLE = Automatic;
				DEVELOPMENT_TEAM = X723D8234D;
				INFOPLIST_FILE = RecipleaseTests/Info.plist;
				LD_RUNPATH_SEARCH_PATHS = (
					"$(inherited)",
					"@executable_path/Frameworks",
					"@loader_path/Frameworks",
				);
				PRODUCT_BUNDLE_IDENTIFIER = com.Iotied.RecipleaseTests;
				PRODUCT_NAME = "$(TARGET_NAME)";
				SWIFT_VERSION = 4.2;
				TARGETED_DEVICE_FAMILY = "1,2";
				TEST_HOST = "$(BUILT_PRODUCTS_DIR)/Reciplease.app/Reciplease";
			};
			name = Debug;
		};
		793CF8D322A83E8E00F6DB94 /* Release */ = {
			isa = XCBuildConfiguration;
			baseConfigurationReference = E69C18CE4B42AA8D3F6329B2 /* Pods-RecipleaseTests.release.xcconfig */;
			buildSettings = {
				ALWAYS_EMBED_SWIFT_STANDARD_LIBRARIES = YES;
				BUNDLE_LOADER = "$(TEST_HOST)";
				CODE_SIGN_STYLE = Automatic;
				DEVELOPMENT_TEAM = X723D8234D;
				INFOPLIST_FILE = RecipleaseTests/Info.plist;
				LD_RUNPATH_SEARCH_PATHS = (
					"$(inherited)",
					"@executable_path/Frameworks",
					"@loader_path/Frameworks",
				);
				PRODUCT_BUNDLE_IDENTIFIER = com.Iotied.RecipleaseTests;
				PRODUCT_NAME = "$(TARGET_NAME)";
				SWIFT_VERSION = 4.2;
				TARGETED_DEVICE_FAMILY = "1,2";
				TEST_HOST = "$(BUILT_PRODUCTS_DIR)/Reciplease.app/Reciplease";
			};
			name = Release;
		};
		793CF8D522A83E8E00F6DB94 /* Debug */ = {
			isa = XCBuildConfiguration;
			baseConfigurationReference = FACC26C58322992B5D584E01 /* Pods-RecipleaseUITests.debug.xcconfig */;
			buildSettings = {
				ALWAYS_EMBED_SWIFT_STANDARD_LIBRARIES = YES;
				CODE_SIGN_STYLE = Automatic;
				DEVELOPMENT_TEAM = X723D8234D;
				INFOPLIST_FILE = RecipleaseUITests/Info.plist;
				LD_RUNPATH_SEARCH_PATHS = (
					"$(inherited)",
					"@executable_path/Frameworks",
					"@loader_path/Frameworks",
				);
				PRODUCT_BUNDLE_IDENTIFIER = com.Iotied.RecipleaseUITests;
				PRODUCT_NAME = "$(TARGET_NAME)";
				SWIFT_VERSION = 4.2;
				TARGETED_DEVICE_FAMILY = "1,2";
				TEST_TARGET_NAME = Reciplease;
			};
			name = Debug;
		};
		793CF8D622A83E8E00F6DB94 /* Release */ = {
			isa = XCBuildConfiguration;
			baseConfigurationReference = 7C24E181E06552161AC2A277 /* Pods-RecipleaseUITests.release.xcconfig */;
			buildSettings = {
				ALWAYS_EMBED_SWIFT_STANDARD_LIBRARIES = YES;
				CODE_SIGN_STYLE = Automatic;
				DEVELOPMENT_TEAM = X723D8234D;
				INFOPLIST_FILE = RecipleaseUITests/Info.plist;
				LD_RUNPATH_SEARCH_PATHS = (
					"$(inherited)",
					"@executable_path/Frameworks",
					"@loader_path/Frameworks",
				);
				PRODUCT_BUNDLE_IDENTIFIER = com.Iotied.RecipleaseUITests;
				PRODUCT_NAME = "$(TARGET_NAME)";
				SWIFT_VERSION = 4.2;
				TARGETED_DEVICE_FAMILY = "1,2";
				TEST_TARGET_NAME = Reciplease;
			};
			name = Release;
		};
/* End XCBuildConfiguration section */

/* Begin XCConfigurationList section */
		793CF89E22A83E8D00F6DB94 /* Build configuration list for PBXProject "Reciplease" */ = {
			isa = XCConfigurationList;
			buildConfigurations = (
				793CF8CC22A83E8E00F6DB94 /* Debug */,
				793CF8CD22A83E8E00F6DB94 /* Release */,
			);
			defaultConfigurationIsVisible = 0;
			defaultConfigurationName = Release;
		};
		793CF8CE22A83E8E00F6DB94 /* Build configuration list for PBXNativeTarget "Reciplease" */ = {
			isa = XCConfigurationList;
			buildConfigurations = (
				793CF8CF22A83E8E00F6DB94 /* Debug */,
				793CF8D022A83E8E00F6DB94 /* Release */,
			);
			defaultConfigurationIsVisible = 0;
			defaultConfigurationName = Release;
		};
		793CF8D122A83E8E00F6DB94 /* Build configuration list for PBXNativeTarget "RecipleaseTests" */ = {
			isa = XCConfigurationList;
			buildConfigurations = (
				793CF8D222A83E8E00F6DB94 /* Debug */,
				793CF8D322A83E8E00F6DB94 /* Release */,
			);
			defaultConfigurationIsVisible = 0;
			defaultConfigurationName = Release;
		};
		793CF8D422A83E8E00F6DB94 /* Build configuration list for PBXNativeTarget "RecipleaseUITests" */ = {
			isa = XCConfigurationList;
			buildConfigurations = (
				793CF8D522A83E8E00F6DB94 /* Debug */,
				793CF8D622A83E8E00F6DB94 /* Release */,
			);
			defaultConfigurationIsVisible = 0;
			defaultConfigurationName = Release;
		};
/* End XCConfigurationList section */

/* Begin XCVersionGroup section */
		793CF8AD22A83E8D00F6DB94 /* Reciplease.xcdatamodeld */ = {
			isa = XCVersionGroup;
			children = (
				793CF8AE22A83E8D00F6DB94 /* Reciplease.xcdatamodel */,
			);
			currentVersion = 793CF8AE22A83E8D00F6DB94 /* Reciplease.xcdatamodel */;
			path = Reciplease.xcdatamodeld;
			sourceTree = "<group>";
			versionGroupType = wrapper.xcdatamodel;
		};
/* End XCVersionGroup section */
	};
	rootObject = 793CF89B22A83E8D00F6DB94 /* Project object */;
}
